
Microsoft Visual Studio Solution File, Format Version 12.00
# Visual Studio Version 17
VisualStudioVersion = 17.1.32421.90
MinimumVisualStudioVersion = 10.0.40219.1
Project("{FAE04EC0-301F-11D3-BF4B-00C04F79EFBC}") = "JwtWebAPI", "JwtWebAPI\JwtWebAPI.csproj", "{A13D9C62-C867-4AEA-BE4F-85CA78640AE2}"
EndProject
Global
	GlobalSection(SolutionConfigurationPlatforms) = preSolution
		Debug|Any CPU = Debug|Any CPU
		Release|Any CPU = Release|Any CPU
	EndGlobalSection
	GlobalSection(ProjectConfigurationPlatforms) = postSolution
		{A13D9C62-C867-4AEA-BE4F-85CA78640AE2}.Debug|Any CPU.ActiveCfg = Debug|Any CPU
		{A13D9C62-C867-4AEA-BE4F-85CA78640AE2}.Debug|Any CPU.Build.0 = Debug|Any CPU
		{A13D9C62-C867-4AEA-BE4F-85CA78640AE2}.Release|Any CPU.ActiveCfg = Release|Any CPU
		{A13D9C62-C867-4AEA-BE4F-85CA78640AE2}.Release|Any CPU.Build.0 = Release|Any CPU
	EndGlobalSection
	GlobalSection(SolutionProperties) = preSolution
		HideSolutionNode = FALSE
	EndGlobalSection
	GlobalSection(ExtensibilityGlobals) = postSolution
		SolutionGuid = {2AEC4916-0AB3-4BF6-A5B2-B16EBADC4211}
	EndGlobalSection
EndGlobal
